// !$*UTF8*$!
{
	archiveVersion = 1;
	classes = {
	};
	objectVersion = 46;
	objects = {

/* Begin PBXBuildFile section */
		8411FAE21A28D2ED0091F424 /* main.m in Sources */ = {isa = PBXBuildFile; fileRef = 8411FAE11A28D2ED0091F424 /* main.m */; };
		8411FAE51A28D2ED0091F424 /* AppDelegate.m in Sources */ = {isa = PBXBuildFile; fileRef = 8411FAE41A28D2ED0091F424 /* AppDelegate.m */; };
		8411FAE81A28D2ED0091F424 /* ViewController.m in Sources */ = {isa = PBXBuildFile; fileRef = 8411FAE71A28D2ED0091F424 /* ViewController.m */; };
		8411FAEB1A28D2ED0091F424 /* Main.storyboard in Resources */ = {isa = PBXBuildFile; fileRef = 8411FAE91A28D2ED0091F424 /* Main.storyboard */; };
		8411FAED1A28D2ED0091F424 /* Images.xcassets in Resources */ = {isa = PBXBuildFile; fileRef = 8411FAEC1A28D2ED0091F424 /* Images.xcassets */; };
		8411FAF01A28D2ED0091F424 /* LaunchScreen.xib in Resources */ = {isa = PBXBuildFile; fileRef = 8411FAEE1A28D2ED0091F424 /* LaunchScreen.xib */; };
		8411FAFC1A28D2ED0091F424 /* GesturesHomeWorkTests.m in Sources */ = {isa = PBXBuildFile; fileRef = 8411FAFB1A28D2ED0091F424 /* GesturesHomeWorkTests.m */; };
		8411FB1D1A28D37B0091F424 /* 1.png in Resources */ = {isa = PBXBuildFile; fileRef = 8411FB061A28D37B0091F424 /* 1.png */; };
		8411FB1E1A28D37B0091F424 /* Dead.png in Resources */ = {isa = PBXBuildFile; fileRef = 8411FB071A28D37B0091F424 /* Dead.png */; };
		8411FB1F1A28D37B0091F424 /* FallWithGun-1.png in Resources */ = {isa = PBXBuildFile; fileRef = 8411FB081A28D37B0091F424 /* FallWithGun-1.png */; };
		8411FB201A28D37B0091F424 /* Hook-1.png in Resources */ = {isa = PBXBuildFile; fileRef = 8411FB091A28D37B0091F424 /* Hook-1.png */; };
		8411FB211A28D37B0091F424 /* HookWithGun-1.png in Resources */ = {isa = PBXBuildFile; fileRef = 8411FB0A1A28D37B0091F424 /* HookWithGun-1.png */; };
		8411FB221A28D37B0091F424 /* Jump-1.png in Resources */ = {isa = PBXBuildFile; fileRef = 8411FB0B1A28D37B0091F424 /* Jump-1.png */; };
		8411FB231A28D37B0091F424 /* Jump-2.png in Resources */ = {isa = PBXBuildFile; fileRef = 8411FB0C1A28D37B0091F424 /* Jump-2.png */; };
		8411FB241A28D37B0091F424 /* JumpWithGun-1.png in Resources */ = {isa = PBXBuildFile; fileRef = 8411FB0D1A28D37B0091F424 /* JumpWithGun-1.png */; };
		8411FB251A28D37B0091F424 /* JumpWithGun-2.png in Resources */ = {isa = PBXBuildFile; fileRef = 8411FB0E1A28D37B0091F424 /* JumpWithGun-2.png */; };
		8411FB261A28D37B0091F424 /* Seat-1.png in Resources */ = {isa = PBXBuildFile; fileRef = 8411FB0F1A28D37B0091F424 /* Seat-1.png */; };
		8411FB271A28D37B0091F424 /* SeatWithGun-1.png in Resources */ = {isa = PBXBuildFile; fileRef = 8411FB101A28D37B0091F424 /* SeatWithGun-1.png */; };
		8411FB281A28D37B0091F424 /* Stay-1.png in Resources */ = {isa = PBXBuildFile; fileRef = 8411FB111A28D37B0091F424 /* Stay-1.png */; };
		8411FB291A28D37B0091F424 /* Stay-2.png in Resources */ = {isa = PBXBuildFile; fileRef = 8411FB121A28D37B0091F424 /* Stay-2.png */; };
		8411FB2A1A28D37B0091F424 /* Stay-3.png in Resources */ = {isa = PBXBuildFile; fileRef = 8411FB131A28D37B0091F424 /* Stay-3.png */; };
		8411FB2B1A28D37B0091F424 /* Stay-4.png in Resources */ = {isa = PBXBuildFile; fileRef = 8411FB141A28D37B0091F424 /* Stay-4.png */; };
		8411FB2C1A28D37B0091F424 /* StayWithGun-1.png in Resources */ = {isa = PBXBuildFile; fileRef = 8411FB151A28D37B0091F424 /* StayWithGun-1.png */; };
		8411FB2D1A28D37B0091F424 /* StayWithGun-2.png in Resources */ = {isa = PBXBuildFile; fileRef = 8411FB161A28D37B0091F424 /* StayWithGun-2.png */; };
		8411FB2E1A28D37B0091F424 /* walk-1.png in Resources */ = {isa = PBXBuildFile; fileRef = 8411FB171A28D37B0091F424 /* walk-1.png */; };
		8411FB2F1A28D37B0091F424 /* walk-2.png in Resources */ = {isa = PBXBuildFile; fileRef = 8411FB181A28D37B0091F424 /* walk-2.png */; };
		8411FB301A28D37B0091F424 /* walk-3.png in Resources */ = {isa = PBXBuildFile; fileRef = 8411FB191A28D37B0091F424 /* walk-3.png */; };
		8411FB311A28D37B0091F424 /* walk-4.png in Resources */ = {isa = PBXBuildFile; fileRef = 8411FB1A1A28D37B0091F424 /* walk-4.png */; };
		8411FB321A28D37B0091F424 /* walk-5.png in Resources */ = {isa = PBXBuildFile; fileRef = 8411FB1B1A28D37B0091F424 /* walk-5.png */; };
		8411FB331A28D37B0091F424 /* walk-6.png in Resources */ = {isa = PBXBuildFile; fileRef = 8411FB1C1A28D37B0091F424 /* walk-6.png */; };
/* End PBXBuildFile section */

/* Begin PBXContainerItemProxy section */
		8411FAF61A28D2ED0091F424 /* PBXContainerItemProxy */ = {
			isa = PBXContainerItemProxy;
			containerPortal = 8411FAD41A28D2ED0091F424 /* Project object */;
			proxyType = 1;
			remoteGlobalIDString = 8411FADB1A28D2ED0091F424;
			remoteInfo = GesturesHomeWork;
		};
/* End PBXContainerItemProxy section */

/* Begin PBXFileReference section */
		8411FADC1A28D2ED0091F424 /* GesturesHomeWork.app */ = {isa = PBXFileReference; explicitFileType = wrapper.application; includeInIndex = 0; path = GesturesHomeWork.app; sourceTree = BUILT_PRODUCTS_DIR; };
		8411FAE01A28D2ED0091F424 /* Info.plist */ = {isa = PBXFileReference; lastKnownFileType = text.plist.xml; path = Info.plist; sourceTree = "<group>"; };
		8411FAE11A28D2ED0091F424 /* main.m */ = {isa = PBXFileReference; lastKnownFileType = sourcecode.c.objc; path = main.m; sourceTree = "<group>"; };
		8411FAE31A28D2ED0091F424 /* AppDelegate.h */ = {isa = PBXFileReference; lastKnownFileType = sourcecode.c.h; path = AppDelegate.h; sourceTree = "<group>"; };
		8411FAE41A28D2ED0091F424 /* AppDelegate.m */ = {isa = PBXFileReference; lastKnownFileType = sourcecode.c.objc; path = AppDelegate.m; sourceTree = "<group>"; };
		8411FAE61A28D2ED0091F424 /* ViewController.h */ = {isa = PBXFileReference; lastKnownFileType = sourcecode.c.h; path = ViewController.h; sourceTree = "<group>"; };
		8411FAE71A28D2ED0091F424 /* ViewController.m */ = {isa = PBXFileReference; lastKnownFileType = sourcecode.c.objc; path = ViewController.m; sourceTree = "<group>"; };
		8411FAEA1A28D2ED0091F424 /* Base */ = {isa = PBXFileReference; lastKnownFileType = file.storyboard; name = Base; path = Base.lproj/Main.storyboard; sourceTree = "<group>"; };
		8411FAEC1A28D2ED0091F424 /* Images.xcassets */ = {isa = PBXFileReference; lastKnownFileType = folder.assetcatalog; path = Images.xcassets; sourceTree = "<group>"; };
		8411FAEF1A28D2ED0091F424 /* Base */ = {isa = PBXFileReference; lastKnownFileType = file.xib; name = Base; path = Base.lproj/LaunchScreen.xib; sourceTree = "<group>"; };
		8411FAF51A28D2ED0091F424 /* GesturesHomeWorkTests.xctest */ = {isa = PBXFileReference; explicitFileType = wrapper.cfbundle; includeInIndex = 0; path = GesturesHomeWorkTests.xctest; sourceTree = BUILT_PRODUCTS_DIR; };
		8411FAFA1A28D2ED0091F424 /* Info.plist */ = {isa = PBXFileReference; lastKnownFileType = text.plist.xml; path = Info.plist; sourceTree = "<group>"; };
		8411FAFB1A28D2ED0091F424 /* GesturesHomeWorkTests.m */ = {isa = PBXFileReference; lastKnownFileType = sourcecode.c.objc; path = GesturesHomeWorkTests.m; sourceTree = "<group>"; };
		8411FB061A28D37B0091F424 /* 1.png */ = {isa = PBXFileReference; lastKnownFileType = image.png; path = 1.png; sourceTree = "<group>"; };
		8411FB071A28D37B0091F424 /* Dead.png */ = {isa = PBXFileReference; lastKnownFileType = image.png; path = Dead.png; sourceTree = "<group>"; };
		8411FB081A28D37B0091F424 /* FallWithGun-1.png */ = {isa = PBXFileReference; lastKnownFileType = image.png; path = "FallWithGun-1.png"; sourceTree = "<group>"; };
		8411FB091A28D37B0091F424 /* Hook-1.png */ = {isa = PBXFileReference; lastKnownFileType = image.png; path = "Hook-1.png"; sourceTree = "<group>"; };
		8411FB0A1A28D37B0091F424 /* HookWithGun-1.png */ = {isa = PBXFileReference; lastKnownFileType = image.png; path = "HookWithGun-1.png"; sourceTree = "<group>"; };
		8411FB0B1A28D37B0091F424 /* Jump-1.png */ = {isa = PBXFileReference; lastKnownFileType = image.png; path = "Jump-1.png"; sourceTree = "<group>"; };
		8411FB0C1A28D37B0091F424 /* Jump-2.png */ = {isa = PBXFileReference; lastKnownFileType = image.png; path = "Jump-2.png"; sourceTree = "<group>"; };
		8411FB0D1A28D37B0091F424 /* JumpWithGun-1.png */ = {isa = PBXFileReference; lastKnownFileType = image.png; path = "JumpWithGun-1.png"; sourceTree = "<group>"; };
		8411FB0E1A28D37B0091F424 /* JumpWithGun-2.png */ = {isa = PBXFileReference; lastKnownFileType = image.png; path = "JumpWithGun-2.png"; sourceTree = "<group>"; };
		8411FB0F1A28D37B0091F424 /* Seat-1.png */ = {isa = PBXFileReference; lastKnownFileType = image.png; path = "Seat-1.png"; sourceTree = "<group>"; };
		8411FB101A28D37B0091F424 /* SeatWithGun-1.png */ = {isa = PBXFileReference; lastKnownFileType = image.png; path = "SeatWithGun-1.png"; sourceTree = "<group>"; };
		8411FB111A28D37B0091F424 /* Stay-1.png */ = {isa = PBXFileReference; lastKnownFileType = image.png; path = "Stay-1.png"; sourceTree = "<group>"; };
		8411FB121A28D37B0091F424 /* Stay-2.png */ = {isa = PBXFileReference; lastKnownFileType = image.png; path = "Stay-2.png"; sourceTree = "<group>"; };
		8411FB131A28D37B0091F424 /* Stay-3.png */ = {isa = PBXFileReference; lastKnownFileType = image.png; path = "Stay-3.png"; sourceTree = "<group>"; };
		8411FB141A28D37B0091F424 /* Stay-4.png */ = {isa = PBXFileReference; lastKnownFileType = image.png; path = "Stay-4.png"; sourceTree = "<group>"; };
		8411FB151A28D37B0091F424 /* StayWithGun-1.png */ = {isa = PBXFileReference; lastKnownFileType = image.png; path = "StayWithGun-1.png"; sourceTree = "<group>"; };
		8411FB161A28D37B0091F424 /* StayWithGun-2.png */ = {isa = PBXFileReference; lastKnownFileType = image.png; path = "StayWithGun-2.png"; sourceTree = "<group>"; };
		8411FB171A28D37B0091F424 /* walk-1.png */ = {isa = PBXFileReference; lastKnownFileType = image.png; path = "walk-1.png"; sourceTree = "<group>"; };
		8411FB181A28D37B0091F424 /* walk-2.png */ = {isa = PBXFileReference; lastKnownFileType = image.png; path = "walk-2.png"; sourceTree = "<group>"; };
		8411FB191A28D37B0091F424 /* walk-3.png */ = {isa = PBXFileReference; lastKnownFileType = image.png; path = "walk-3.png"; sourceTree = "<group>"; };
		8411FB1A1A28D37B0091F424 /* walk-4.png */ = {isa = PBXFileReference; lastKnownFileType = image.png; path = "walk-4.png"; sourceTree = "<group>"; };
		8411FB1B1A28D37B0091F424 /* walk-5.png */ = {isa = PBXFileReference; lastKnownFileType = image.png; path = "walk-5.png"; sourceTree = "<group>"; };
		8411FB1C1A28D37B0091F424 /* walk-6.png */ = {isa = PBXFileReference; lastKnownFileType = image.png; path = "walk-6.png"; sourceTree = "<group>"; };
/* End PBXFileReference section */

/* Begin PBXFrameworksBuildPhase section */
		8411FAD91A28D2ED0091F424 /* Frameworks */ = {
			isa = PBXFrameworksBuildPhase;
			buildActionMask = 2147483647;
			files = (
			);
			runOnlyForDeploymentPostprocessing = 0;
		};
		8411FAF21A28D2ED0091F424 /* Frameworks */ = {
			isa = PBXFrameworksBuildPhase;
			buildActionMask = 2147483647;
			files = (
			);
			runOnlyForDeploymentPostprocessing = 0;
		};
/* End PBXFrameworksBuildPhase section */

/* Begin PBXGroup section */
		8411FAD31A28D2ED0091F424 = {
			isa = PBXGroup;
			children = (
				8411FADE1A28D2ED0091F424 /* GesturesHomeWork */,
				8411FB051A28D37B0091F424 /* DarckwingDuck */,
				8411FAF81A28D2ED0091F424 /* GesturesHomeWorkTests */,
				8411FADD1A28D2ED0091F424 /* Products */,
			);
			sourceTree = "<group>";
		};
		8411FADD1A28D2ED0091F424 /* Products */ = {
			isa = PBXGroup;
			children = (
				8411FADC1A28D2ED0091F424 /* GesturesHomeWork.app */,
				8411FAF51A28D2ED0091F424 /* GesturesHomeWorkTests.xctest */,
			);
			name = Products;
			sourceTree = "<group>";
		};
		8411FADE1A28D2ED0091F424 /* GesturesHomeWork */ = {
			isa = PBXGroup;
			children = (
				8411FAE31A28D2ED0091F424 /* AppDelegate.h */,
				8411FAE41A28D2ED0091F424 /* AppDelegate.m */,
				8411FAE61A28D2ED0091F424 /* ViewController.h */,
				8411FAE71A28D2ED0091F424 /* ViewController.m */,
				8411FAE91A28D2ED0091F424 /* Main.storyboard */,
				8411FAEC1A28D2ED0091F424 /* Images.xcassets */,
				8411FAEE1A28D2ED0091F424 /* LaunchScreen.xib */,
				8411FADF1A28D2ED0091F424 /* Supporting Files */,
			);
			path = GesturesHomeWork;
			sourceTree = "<group>";
		};
		8411FADF1A28D2ED0091F424 /* Supporting Files */ = {
			isa = PBXGroup;
			children = (
				8411FAE01A28D2ED0091F424 /* Info.plist */,
				8411FAE11A28D2ED0091F424 /* main.m */,
			);
			name = "Supporting Files";
			sourceTree = "<group>";
		};
		8411FAF81A28D2ED0091F424 /* GesturesHomeWorkTests */ = {
			isa = PBXGroup;
			children = (
				8411FAFB1A28D2ED0091F424 /* GesturesHomeWorkTests.m */,
				8411FAF91A28D2ED0091F424 /* Supporting Files */,
			);
			path = GesturesHomeWorkTests;
			sourceTree = "<group>";
		};
		8411FAF91A28D2ED0091F424 /* Supporting Files */ = {
			isa = PBXGroup;
			children = (
				8411FAFA1A28D2ED0091F424 /* Info.plist */,
			);
			name = "Supporting Files";
			sourceTree = "<group>";
		};
		8411FB051A28D37B0091F424 /* DarckwingDuck */ = {
			isa = PBXGroup;
			children = (
				8411FB061A28D37B0091F424 /* 1.png */,
				8411FB071A28D37B0091F424 /* Dead.png */,
				8411FB081A28D37B0091F424 /* FallWithGun-1.png */,
				8411FB091A28D37B0091F424 /* Hook-1.png */,
				8411FB0A1A28D37B0091F424 /* HookWithGun-1.png */,
				8411FB0B1A28D37B0091F424 /* Jump-1.png */,
				8411FB0C1A28D37B0091F424 /* Jump-2.png */,
				8411FB0D1A28D37B0091F424 /* JumpWithGun-1.png */,
				8411FB0E1A28D37B0091F424 /* JumpWithGun-2.png */,
				8411FB0F1A28D37B0091F424 /* Seat-1.png */,
				8411FB101A28D37B0091F424 /* SeatWithGun-1.png */,
				8411FB111A28D37B0091F424 /* Stay-1.png */,
				8411FB121A28D37B0091F424 /* Stay-2.png */,
				8411FB131A28D37B0091F424 /* Stay-3.png */,
				8411FB141A28D37B0091F424 /* Stay-4.png */,
				8411FB151A28D37B0091F424 /* StayWithGun-1.png */,
				8411FB161A28D37B0091F424 /* StayWithGun-2.png */,
				8411FB171A28D37B0091F424 /* walk-1.png */,
				8411FB181A28D37B0091F424 /* walk-2.png */,
				8411FB191A28D37B0091F424 /* walk-3.png */,
				8411FB1A1A28D37B0091F424 /* walk-4.png */,
				8411FB1B1A28D37B0091F424 /* walk-5.png */,
				8411FB1C1A28D37B0091F424 /* walk-6.png */,
			);
			name = DarckwingDuck;
			path = GesturesHomeWork/DarckwingDuck;
			sourceTree = "<group>";
		};
/* End PBXGroup section */

/* Begin PBXNativeTarget section */
		8411FADB1A28D2ED0091F424 /* GesturesHomeWork */ = {
			isa = PBXNativeTarget;
			buildConfigurationList = 8411FAFF1A28D2ED0091F424 /* Build configuration list for PBXNativeTarget "GesturesHomeWork" */;
			buildPhases = (
				8411FAD81A28D2ED0091F424 /* Sources */,
				8411FAD91A28D2ED0091F424 /* Frameworks */,
				8411FADA1A28D2ED0091F424 /* Resources */,
			);
			buildRules = (
			);
			dependencies = (
			);
			name = GesturesHomeWork;
			productName = GesturesHomeWork;
			productReference = 8411FADC1A28D2ED0091F424 /* GesturesHomeWork.app */;
			productType = "com.apple.product-type.application";
		};
		8411FAF41A28D2ED0091F424 /* GesturesHomeWorkTests */ = {
			isa = PBXNativeTarget;
			buildConfigurationList = 8411FB021A28D2ED0091F424 /* Build configuration list for PBXNativeTarget "GesturesHomeWorkTests" */;
			buildPhases = (
				8411FAF11A28D2ED0091F424 /* Sources */,
				8411FAF21A28D2ED0091F424 /* Frameworks */,
				8411FAF31A28D2ED0091F424 /* Resources */,
			);
			buildRules = (
			);
			dependencies = (
				8411FAF71A28D2ED0091F424 /* PBXTargetDependency */,
			);
			name = GesturesHomeWorkTests;
			productName = GesturesHomeWorkTests;
			productReference = 8411FAF51A28D2ED0091F424 /* GesturesHomeWorkTests.xctest */;
			productType = "com.apple.product-type.bundle.unit-test";
		};
/* End PBXNativeTarget section */

/* Begin PBXProject section */
		8411FAD41A28D2ED0091F424 /* Project object */ = {
			isa = PBXProject;
			attributes = {
				LastUpgradeCheck = 0610;
				ORGANIZATIONNAME = gressmc;
				TargetAttributes = {
					8411FADB1A28D2ED0091F424 = {
						CreatedOnToolsVersion = 6.1;
					};
					8411FAF41A28D2ED0091F424 = {
						CreatedOnToolsVersion = 6.1;
						TestTargetID = 8411FADB1A28D2ED0091F424;
					};
				};
			};
			buildConfigurationList = 8411FAD71A28D2ED0091F424 /* Build configuration list for PBXProject "GesturesHomeWork" */;
			compatibilityVersion = "Xcode 3.2";
			developmentRegion = English;
			hasScannedForEncodings = 0;
			knownRegions = (
				en,
				Base,
			);
			mainGroup = 8411FAD31A28D2ED0091F424;
			productRefGroup = 8411FADD1A28D2ED0091F424 /* Products */;
			projectDirPath = "";
			projectRoot = "";
			targets = (
				8411FADB1A28D2ED0091F424 /* GesturesHomeWork */,
				8411FAF41A28D2ED0091F424 /* GesturesHomeWorkTests */,
			);
		};
/* End PBXProject section */

/* Begin PBXResourcesBuildPhase section */
		8411FADA1A28D2ED0091F424 /* Resources */ = {
			isa = PBXResourcesBuildPhase;
			buildActionMask = 2147483647;
			files = (
				8411FB201A28D37B0091F424 /* Hook-1.png in Resources */,
				8411FB251A28D37B0091F424 /* JumpWithGun-2.png in Resources */,
				8411FB211A28D37B0091F424 /* HookWithGun-1.png in Resources */,
				8411FB2C1A28D37B0091F424 /* StayWithGun-1.png in Resources */,
				8411FB281A28D37B0091F424 /* Stay-1.png in Resources */,
				8411FAEB1A28D2ED0091F424 /* Main.storyboard in Resources */,
				8411FB221A28D37B0091F424 /* Jump-1.png in Resources */,
				8411FB1D1A28D37B0091F424 /* 1.png in Resources */,
				8411FB1E1A28D37B0091F424 /* Dead.png in Resources */,
				8411FAF01A28D2ED0091F424 /* LaunchScreen.xib in Resources */,
				8411FB2D1A28D37B0091F424 /* StayWithGun-2.png in Resources */,
				8411FB241A28D37B0091F424 /* JumpWithGun-1.png in Resources */,
				8411FB2A1A28D37B0091F424 /* Stay-3.png in Resources */,
				8411FAED1A28D2ED0091F424 /* Images.xcassets in Resources */,
				8411FB231A28D37B0091F424 /* Jump-2.png in Resources */,
				8411FB2F1A28D37B0091F424 /* walk-2.png in Resources */,
				8411FB2E1A28D37B0091F424 /* walk-1.png in Resources */,
				8411FB331A28D37B0091F424 /* walk-6.png in Resources */,
				8411FB271A28D37B0091F424 /* SeatWithGun-1.png in Resources */,
				8411FB321A28D37B0091F424 /* walk-5.png in Resources */,
				8411FB291A28D37B0091F424 /* Stay-2.png in Resources */,
				8411FB301A28D37B0091F424 /* walk-3.png in Resources */,
				8411FB2B1A28D37B0091F424 /* Stay-4.png in Resources */,
				8411FB311A28D37B0091F424 /* walk-4.png in Resources */,
				8411FB261A28D37B0091F424 /* Seat-1.png in Resources */,
				8411FB1F1A28D37B0091F424 /* FallWithGun-1.png in Resources */,
			);
			runOnlyForDeploymentPostprocessing = 0;
		};
		8411FAF31A28D2ED0091F424 /* Resources */ = {
			isa = PBXResourcesBuildPhase;
			buildActionMask = 2147483647;
			files = (
			);
			runOnlyForDeploymentPostprocessing = 0;
		};
/* End PBXResourcesBuildPhase section */

/* Begin PBXSourcesBuildPhase section */
		8411FAD81A28D2ED0091F424 /* Sources */ = {
			isa = PBXSourcesBuildPhase;
			buildActionMask = 2147483647;
			files = (
				8411FAE81A28D2ED0091F424 /* ViewController.m in Sources */,
				8411FAE51A28D2ED0091F424 /* AppDelegate.m in Sources */,
				8411FAE21A28D2ED0091F424 /* main.m in Sources */,
			);
			runOnlyForDeploymentPostprocessing = 0;
		};
		8411FAF11A28D2ED0091F424 /* Sources */ = {
			isa = PBXSourcesBuildPhase;
			buildActionMask = 2147483647;
			files = (
				8411FAFC1A28D2ED0091F424 /* GesturesHomeWorkTests.m in Sources */,
			);
			runOnlyForDeploymentPostprocessing = 0;
		};
/* End PBXSourcesBuildPhase section */

/* Begin PBXTargetDependency section */
		8411FAF71A28D2ED0091F424 /* PBXTargetDependency */ = {
			isa = PBXTargetDependency;
			target = 8411FADB1A28D2ED0091F424 /* GesturesHomeWork */;
			targetProxy = 8411FAF61A28D2ED0091F424 /* PBXContainerItemProxy */;
		};
/* End PBXTargetDependency section */

/* Begin PBXVariantGroup section */
		8411FAE91A28D2ED0091F424 /* Main.storyboard */ = {
			isa = PBXVariantGroup;
			children = (
				8411FAEA1A28D2ED0091F424 /* Base */,
			);
			name = Main.storyboard;
			sourceTree = "<group>";
		};
		8411FAEE1A28D2ED0091F424 /* LaunchScreen.xib */ = {
			isa = PBXVariantGroup;
			children = (
				8411FAEF1A28D2ED0091F424 /* Base */,
			);
			name = LaunchScreen.xib;
			sourceTree = "<group>";
		};
/* End PBXVariantGroup section */

/* Begin XCBuildConfiguration section */
		8411FAFD1A28D2ED0091F424 /* Debug */ = {
			isa = XCBuildConfiguration;
			buildSettings = {
				ALWAYS_SEARCH_USER_PATHS = NO;
				CLANG_CXX_LANGUAGE_STANDARD = "gnu++0x";
				CLANG_CXX_LIBRARY = "libc++";
				CLANG_ENABLE_MODULES = YES;
				CLANG_ENABLE_OBJC_ARC = YES;
				CLANG_WARN_BOOL_CONVERSION = YES;
				CLANG_WARN_CONSTANT_CONVERSION = YES;
				CLANG_WARN_DIRECT_OBJC_ISA_USAGE = YES_ERROR;
				CLANG_WARN_EMPTY_BODY = YES;
				CLANG_WARN_ENUM_CONVERSION = YES;
				CLANG_WARN_INT_CONVERSION = YES;
				CLANG_WARN_OBJC_ROOT_CLASS = YES_ERROR;
				CLANG_WARN_UNREACHABLE_CODE = YES;
				CLANG_WARN__DUPLICATE_METHOD_MATCH = YES;
				"CODE_SIGN_IDENTITY[sdk=iphoneos*]" = "iPhone Developer";
				COPY_PHASE_STRIP = NO;
				ENABLE_STRICT_OBJC_MSGSEND = YES;
				GCC_C_LANGUAGE_STANDARD = gnu99;
				GCC_DYNAMIC_NO_PIC = NO;
				GCC_OPTIMIZATION_LEVEL = 0;
				GCC_PREPROCESSOR_DEFINITIONS = (
					"DEBUG=1",
					"$(inherited)",
				);
				GCC_SYMBOLS_PRIVATE_EXTERN = NO;
				GCC_WARN_64_TO_32_BIT_CONVERSION = YES;
				GCC_WARN_ABOUT_RETURN_TYPE = YES_ERROR;
				GCC_WARN_UNDECLARED_SELECTOR = YES;
				GCC_WARN_UNINITIALIZED_AUTOS = YES_AGGRESSIVE;
				GCC_WARN_UNUSED_FUNCTION = YES;
				GCC_WARN_UNUSED_VARIABLE = YES;
				IPHONEOS_DEPLOYMENT_TARGET = 8.1;
				MTL_ENABLE_DEBUG_INFO = YES;
				ONLY_ACTIVE_ARCH = YES;
				SDKROOT = iphoneos;
				TARGETED_DEVICE_FAMILY = 2;
			};
			name = Debug;
		};
		8411FAFE1A28D2ED0091F424 /* Release */ = {
			isa = XCBuildConfiguration;
			buildSettings = {
				ALWAYS_SEARCH_USER_PATHS = NO;
				CLANG_CXX_LANGUAGE_STANDARD = "gnu++0x";
				CLANG_CXX_LIBRARY = "libc++";
				CLANG_ENABLE_MODULES = YES;
				CLANG_ENABLE_OBJC_ARC = YES;
				CLANG_WARN_BOOL_CONVERSION = YES;
				CLANG_WARN_CONSTANT_CONVERSION = YES;
				CLANG_WARN_DIRECT_OBJC_ISA_USAGE = YES_ERROR;
				CLANG_WARN_EMPTY_BODY = YES;
				CLANG_WARN_ENUM_CONVERSION = YES;
				CLANG_WARN_INT_CONVERSION = YES;
				CLANG_WARN_OBJC_ROOT_CLASS = YES_ERROR;
				CLANG_WARN_UNREACHABLE_CODE = YES;
				CLANG_WARN__DUPLICATE_METHOD_MATCH = YES;
				"CODE_SIGN_IDENTITY[sdk=iphoneos*]" = "iPhone Developer";
				COPY_PHASE_STRIP = YES;
				ENABLE_NS_ASSERTIONS = NO;
				ENABLE_STRICT_OBJC_MSGSEND = YES;
				GCC_C_LANGUAGE_STANDARD = gnu99;
				GCC_WARN_64_TO_32_BIT_CONVERSION = YES;
				GCC_WARN_ABOUT_RETURN_TYPE = YES_ERROR;
				GCC_WARN_UNDECLARED_SELECTOR = YES;
				GCC_WARN_UNINITIALIZED_AUTOS = YES_AGGRESSIVE;
				GCC_WARN_UNUSED_FUNCTION = YES;
				GCC_WARN_UNUSED_VARIABLE = YES;
				IPHONEOS_DEPLOYMENT_TARGET = 8.1;
				MTL_ENABLE_DEBUG_INFO = NO;
				SDKROOT = iphoneos;
				TARGETED_DEVICE_FAMILY = 2;
				VALIDATE_PRODUCT = YES;
			};
			name = Release;
		};
		8411FB001A28D2ED0091F424 /* Debug */ = {
			isa = XCBuildConfiguration;
			buildSettings = {
				ASSETCATALOG_COMPILER_APPICON_NAME = AppIcon;
				INFOPLIST_FILE = GesturesHomeWork/Info.plist;
				LD_RUNPATH_SEARCH_PATHS = "$(inherited) @executable_path/Frameworks";
				PRODUCT_NAME = "$(TARGET_NAME)";
			};
			name = Debug;
		};
		8411FB011A28D2ED0091F424 /* Release */ = {
			isa = XCBuildConfiguration;
			buildSettings = {
				ASSETCATALOG_COMPILER_APPICON_NAME = AppIcon;
				INFOPLIST_FILE = GesturesHomeWork/Info.plist;
				LD_RUNPATH_SEARCH_PATHS = "$(inherited) @executable_path/Frameworks";
				PRODUCT_NAME = "$(TARGET_NAME)";
			};
			name = Release;
		};
		8411FB031A28D2ED0091F424 /* Debug */ = {
			isa = XCBuildConfiguration;
			buildSettings = {
				BUNDLE_LOADER = "$(TEST_HOST)";
				FRAMEWORK_SEARCH_PATHS = (
					"$(SDKROOT)/Developer/Library/Frameworks",
					"$(inherited)",
				);
				GCC_PREPROCESSOR_DEFINITIONS = (
					"DEBUG=1",
					"$(inherited)",
				);
				INFOPLIST_FILE = GesturesHomeWorkTests/Info.plist;
				LD_RUNPATH_SEARCH_PATHS = "$(inherited) @executable_path/Frameworks @loader_path/Frameworks";
				PRODUCT_NAME = "$(TARGET_NAME)";
				TEST_HOST = "$(BUILT_PRODUCTS_DIR)/GesturesHomeWork.app/GesturesHomeWork";
			};
			name = Debug;
		};
		8411FB041A28D2ED0091F424 /* Release */ = {
			isa = XCBuildConfiguration;
			buildSettings = {
				BUNDLE_LOADER = "$(TEST_HOST)";
				FRAMEWORK_SEARCH_PATHS = (
					"$(SDKROOT)/Developer/Library/Frameworks",
					"$(inherited)",
				);
				INFOPLIST_FILE = GesturesHomeWorkTests/Info.plist;
				LD_RUNPATH_SEARCH_PATHS = "$(inherited) @executable_path/Frameworks @loader_path/Frameworks";
				PRODUCT_NAME = "$(TARGET_NAME)";
				TEST_HOST = "$(BUILT_PRODUCTS_DIR)/GesturesHomeWork.app/GesturesHomeWork";
			};
			name = Release;
		};
/* End XCBuildConfiguration section */

/* Begin XCConfigurationList section */
		8411FAD71A28D2ED0091F424 /* Build configuration list for PBXProject "GesturesHomeWork" */ = {
			isa = XCConfigurationList;
			buildConfigurations = (
				8411FAFD1A28D2ED0091F424 /* Debug */,
				8411FAFE1A28D2ED0091F424 /* Release */,
			);
			defaultConfigurationIsVisible = 0;
			defaultConfigurationName = Release;
		};
		8411FAFF1A28D2ED0091F424 /* Build configuration list for PBXNativeTarget "GesturesHomeWork" */ = {
			isa = XCConfigurationList;
			buildConfigurations = (
				8411FB001A28D2ED0091F424 /* Debug */,
				8411FB011A28D2ED0091F424 /* Release */,
			);
			defaultConfigurationIsVisible = 0;
		};
		8411FB021A28D2ED0091F424 /* Build configuration list for PBXNativeTarget "GesturesHomeWorkTests" */ = {
			isa = XCConfigurationList;
			buildConfigurations = (
				8411FB031A28D2ED0091F424 /* Debug */,
				8411FB041A28D2ED0091F424 /* Release */,
			);
			defaultConfigurationIsVisible = 0;
		};
/* End XCConfigurationList section */
	};
	rootObject = 8411FAD41A28D2ED0091F424 /* Project object */;
}
